
Microsoft Visual Studio Solution File, Format Version 12.00
# Visual Studio Version 16
VisualStudioVersion = 16.0.31205.134
MinimumVisualStudioVersion = 10.0.40219.1
Project("{9A19103F-16F7-4668-BE54-9A1E7A4F7556}") = "AuthService", "AuthService.csproj", "{1219156C-20BD-4EA2-A034-A8F3A76DB25F}"
EndProject
Global
	GlobalSection(SolutionConfigurationPlatforms) = preSolution
		Debug|Any CPU = Debug|Any CPU
		Release|Any CPU = Release|Any CPU
	EndGlobalSection
	GlobalSection(ProjectConfigurationPlatforms) = postSolution
		{1219156C-20BD-4EA2-A034-A8F3A76DB25F}.Debug|Any CPU.ActiveCfg = Debug|Any CPU
		{1219156C-20BD-4EA2-A034-A8F3A76DB25F}.Debug|Any CPU.Build.0 = Debug|Any CPU
		{1219156C-20BD-4EA2-A034-A8F3A76DB25F}.Release|Any CPU.ActiveCfg = Release|Any CPU
		{1219156C-20BD-4EA2-A034-A8F3A76DB25F}.Release|Any CPU.Build.0 = Release|Any CPU
	EndGlobalSection
	GlobalSection(SolutionProperties) = preSolution
		HideSolutionNode = FALSE
	EndGlobalSection
	GlobalSection(ExtensibilityGlobals) = postSolution
		SolutionGuid = {38F9C0E3-EB5E-49E9-8143-A03A01E044E3}
	EndGlobalSection
EndGlobal
